
Microsoft Visual Studio Solution File, Format Version 12.00
# Visual Studio 15
VisualStudioVersion = 15.0.28307.421
MinimumVisualStudioVersion = 10.0.40219.1
Project("{FAE04EC0-301F-11D3-BF4B-00C04F79EFBC}") = "ejemploReport", "ejemploReport\ejemploReport.csproj", "{F6832A50-0FE5-4E27-80D5-5B503B991FB6}"
EndProject
Global
	GlobalSection(SolutionConfigurationPlatforms) = preSolution
		Debug|Any CPU = Debug|Any CPU
		Release|Any CPU = Release|Any CPU
	EndGlobalSection
	GlobalSection(ProjectConfigurationPlatforms) = postSolution
		{F6832A50-0FE5-4E27-80D5-5B503B991FB6}.Debug|Any CPU.ActiveCfg = Debug|Any CPU
		{F6832A50-0FE5-4E27-80D5-5B503B991FB6}.Debug|Any CPU.Build.0 = Debug|Any CPU
		{F6832A50-0FE5-4E27-80D5-5B503B991FB6}.Release|Any CPU.ActiveCfg = Release|Any CPU
		{F6832A50-0FE5-4E27-80D5-5B503B991FB6}.Release|Any CPU.Build.0 = Release|Any CPU
	EndGlobalSection
	GlobalSection(SolutionProperties) = preSolution
		HideSolutionNode = FALSE
	EndGlobalSection
	GlobalSection(ExtensibilityGlobals) = postSolution
		SolutionGuid = {571B4DB0-EEA7-4A53-AC49-886C18DBB8BC}
	EndGlobalSection
EndGlobal
